
Microsoft Visual Studio Solution File, Format Version 12.00
# Visual Studio Version 17
VisualStudioVersion = 17.3.32901.215
MinimumVisualStudioVersion = 10.0.40219.1
Project("{FAE04EC0-301F-11D3-BF4B-00C04F79EFBC}") = "Passwortverwalten", "Passwortverwalten\Passwortverwalten.csproj", "{55F3CF07-F4C1-4C2B-A683-CFD983475FB6}"
EndProject
Global
	GlobalSection(SolutionConfigurationPlatforms) = preSolution
		Debug|Any CPU = Debug|Any CPU
		Release|Any CPU = Release|Any CPU
	EndGlobalSection
	GlobalSection(ProjectConfigurationPlatforms) = postSolution
		{55F3CF07-F4C1-4C2B-A683-CFD983475FB6}.Debug|Any CPU.ActiveCfg = Debug|Any CPU
		{55F3CF07-F4C1-4C2B-A683-CFD983475FB6}.Debug|Any CPU.Build.0 = Debug|Any CPU
		{55F3CF07-F4C1-4C2B-A683-CFD983475FB6}.Release|Any CPU.ActiveCfg = Release|Any CPU
		{55F3CF07-F4C1-4C2B-A683-CFD983475FB6}.Release|Any CPU.Build.0 = Release|Any CPU
	EndGlobalSection
	GlobalSection(SolutionProperties) = preSolution
		HideSolutionNode = FALSE
	EndGlobalSection
	GlobalSection(ExtensibilityGlobals) = postSolution
		SolutionGuid = {2419BFBB-4651-43D3-AF29-6DF1EEEB5DC4}
	EndGlobalSection
EndGlobal
