
Microsoft Visual Studio Solution File, Format Version 12.00
# Visual Studio Version 16
VisualStudioVersion = 25.0.1705.0
MinimumVisualStudioVersion = 10.0.40219.1
Project("{FAE04EC0-301F-11D3-BF4B-00C04F79EFBC}") = "Reinigung", "Reinigung\Reinigung.csproj", "{B1402577-8A46-4376-AE63-D49407AFE2EC}"
EndProject
Global
	GlobalSection(SolutionConfigurationPlatforms) = preSolution
		Debug|Any CPU = Debug|Any CPU
		Release|Any CPU = Release|Any CPU
	EndGlobalSection
	GlobalSection(ProjectConfigurationPlatforms) = postSolution
		{B1402577-8A46-4376-AE63-D49407AFE2EC}.Debug|Any CPU.ActiveCfg = Debug|Any CPU
		{B1402577-8A46-4376-AE63-D49407AFE2EC}.Debug|Any CPU.Build.0 = Debug|Any CPU
		{B1402577-8A46-4376-AE63-D49407AFE2EC}.Release|Any CPU.ActiveCfg = Release|Any CPU
		{B1402577-8A46-4376-AE63-D49407AFE2EC}.Release|Any CPU.Build.0 = Release|Any CPU
	EndGlobalSection
	GlobalSection(SolutionProperties) = preSolution
		HideSolutionNode = FALSE
	EndGlobalSection
	GlobalSection(ExtensibilityGlobals) = postSolution
		SolutionGuid = {7C68D7E8-1100-45CE-A613-B7A251CDC832}
	EndGlobalSection
EndGlobal
